
Microsoft Visual Studio Solution File, Format Version 12.00
# Visual Studio Version 17
VisualStudioVersion = 17.10.34916.146
MinimumVisualStudioVersion = 10.0.40219.1
Project("{9A19103F-16F7-4668-BE54-9A1E7A4F7556}") = "Chatbot", "Chatbot\Chatbot.csproj", "{EBD7758C-927E-4257-B6B5-C28373297F62}"
EndProject
Project("{FAE04EC0-301F-11D3-BF4B-00C04F79EFBC}") = "Chatbot1", "Chatbot1\Chatbot1.csproj", "{5448A3E0-270F-4C03-BAB4-A2A2C6AE3F61}"
EndProject
Global
	GlobalSection(SolutionConfigurationPlatforms) = preSolution
		Debug|Any CPU = Debug|Any CPU
		Release|Any CPU = Release|Any CPU
	EndGlobalSection
	GlobalSection(ProjectConfigurationPlatforms) = postSolution
		{EBD7758C-927E-4257-B6B5-C28373297F62}.Debug|Any CPU.ActiveCfg = Debug|Any CPU
		{EBD7758C-927E-4257-B6B5-C28373297F62}.Debug|Any CPU.Build.0 = Debug|Any CPU
		{EBD7758C-927E-4257-B6B5-C28373297F62}.Release|Any CPU.ActiveCfg = Release|Any CPU
		{EBD7758C-927E-4257-B6B5-C28373297F62}.Release|Any CPU.Build.0 = Release|Any CPU
		{5448A3E0-270F-4C03-BAB4-A2A2C6AE3F61}.Debug|Any CPU.ActiveCfg = Debug|Any CPU
		{5448A3E0-270F-4C03-BAB4-A2A2C6AE3F61}.Debug|Any CPU.Build.0 = Debug|Any CPU
		{5448A3E0-270F-4C03-BAB4-A2A2C6AE3F61}.Release|Any CPU.ActiveCfg = Release|Any CPU
		{5448A3E0-270F-4C03-BAB4-A2A2C6AE3F61}.Release|Any CPU.Build.0 = Release|Any CPU
	EndGlobalSection
	GlobalSection(SolutionProperties) = preSolution
		HideSolutionNode = FALSE
	EndGlobalSection
	GlobalSection(ExtensibilityGlobals) = postSolution
		SolutionGuid = {29243004-24D8-4052-8037-820930C2B6FC}
	EndGlobalSection
EndGlobal
