
Microsoft Visual Studio Solution File, Format Version 12.00
# Visual Studio Version 17
VisualStudioVersion = 17.10.34916.146
MinimumVisualStudioVersion = 10.0.40219.1
Project("{FAE04EC0-301F-11D3-BF4B-00C04F79EFBC}") = "foreachApp", "foreachApp\foreachApp.csproj", "{561674AC-7BA4-4026-8ED9-81DCFAEBB13A}"
EndProject
Global
	GlobalSection(SolutionConfigurationPlatforms) = preSolution
		Debug|Any CPU = Debug|Any CPU
		Release|Any CPU = Release|Any CPU
	EndGlobalSection
	GlobalSection(ProjectConfigurationPlatforms) = postSolution
		{561674AC-7BA4-4026-8ED9-81DCFAEBB13A}.Debug|Any CPU.ActiveCfg = Debug|Any CPU
		{561674AC-7BA4-4026-8ED9-81DCFAEBB13A}.Debug|Any CPU.Build.0 = Debug|Any CPU
		{561674AC-7BA4-4026-8ED9-81DCFAEBB13A}.Release|Any CPU.ActiveCfg = Release|Any CPU
		{561674AC-7BA4-4026-8ED9-81DCFAEBB13A}.Release|Any CPU.Build.0 = Release|Any CPU
	EndGlobalSection
	GlobalSection(SolutionProperties) = preSolution
		HideSolutionNode = FALSE
	EndGlobalSection
	GlobalSection(ExtensibilityGlobals) = postSolution
		SolutionGuid = {1CF22BBD-7058-4B4B-881A-76A1D60BACB4}
	EndGlobalSection
EndGlobal
