
Microsoft Visual Studio Solution File, Format Version 12.00
# Visual Studio Version 17
VisualStudioVersion = 17.10.34916.146
MinimumVisualStudioVersion = 10.0.40219.1
Project("{FAE04EC0-301F-11D3-BF4B-00C04F79EFBC}") = "ArrayList_vs_List", "ArrayList_vs_List\ArrayList_vs_List.csproj", "{27E6FD11-0B9B-4C43-BDE4-7EB297D38050}"
EndProject
Global
	GlobalSection(SolutionConfigurationPlatforms) = preSolution
		Debug|Any CPU = Debug|Any CPU
		Release|Any CPU = Release|Any CPU
	EndGlobalSection
	GlobalSection(ProjectConfigurationPlatforms) = postSolution
		{27E6FD11-0B9B-4C43-BDE4-7EB297D38050}.Debug|Any CPU.ActiveCfg = Debug|Any CPU
		{27E6FD11-0B9B-4C43-BDE4-7EB297D38050}.Debug|Any CPU.Build.0 = Debug|Any CPU
		{27E6FD11-0B9B-4C43-BDE4-7EB297D38050}.Release|Any CPU.ActiveCfg = Release|Any CPU
		{27E6FD11-0B9B-4C43-BDE4-7EB297D38050}.Release|Any CPU.Build.0 = Release|Any CPU
	EndGlobalSection
	GlobalSection(SolutionProperties) = preSolution
		HideSolutionNode = FALSE
	EndGlobalSection
	GlobalSection(ExtensibilityGlobals) = postSolution
		SolutionGuid = {D365FB3A-B4C0-43D0-82B3-36AC57C65BED}
	EndGlobalSection
EndGlobal
