
Microsoft Visual Studio Solution File, Format Version 12.00
# Visual Studio Version 17
VisualStudioVersion = 17.10.34916.146
MinimumVisualStudioVersion = 10.0.40219.1
Project("{FAE04EC0-301F-11D3-BF4B-00C04F79EFBC}") = "2024.06.10.08", "2024.06.10.08\2024.06.10.08.csproj", "{26E71207-1472-4E30-BE43-16722D810722}"
EndProject
Global
	GlobalSection(SolutionConfigurationPlatforms) = preSolution
		Debug|Any CPU = Debug|Any CPU
		Release|Any CPU = Release|Any CPU
	EndGlobalSection
	GlobalSection(ProjectConfigurationPlatforms) = postSolution
		{26E71207-1472-4E30-BE43-16722D810722}.Debug|Any CPU.ActiveCfg = Debug|Any CPU
		{26E71207-1472-4E30-BE43-16722D810722}.Debug|Any CPU.Build.0 = Debug|Any CPU
		{26E71207-1472-4E30-BE43-16722D810722}.Release|Any CPU.ActiveCfg = Release|Any CPU
		{26E71207-1472-4E30-BE43-16722D810722}.Release|Any CPU.Build.0 = Release|Any CPU
	EndGlobalSection
	GlobalSection(SolutionProperties) = preSolution
		HideSolutionNode = FALSE
	EndGlobalSection
	GlobalSection(ExtensibilityGlobals) = postSolution
		SolutionGuid = {C93AAEB8-9B66-4A7D-AFDF-7237CB050EE8}
	EndGlobalSection
EndGlobal
