
Microsoft Visual Studio Solution File, Format Version 12.00
# Visual Studio Version 17
VisualStudioVersion = 17.10.34916.146
MinimumVisualStudioVersion = 10.0.40219.1
Project("{FAE04EC0-301F-11D3-BF4B-00C04F79EFBC}") = "2024.06.13.09", "2024.06.13.09\2024.06.13.09.csproj", "{BA56C9F9-F6DD-4FB7-91EB-1AF5C49F3D8F}"
EndProject
Global
	GlobalSection(SolutionConfigurationPlatforms) = preSolution
		Debug|Any CPU = Debug|Any CPU
		Release|Any CPU = Release|Any CPU
	EndGlobalSection
	GlobalSection(ProjectConfigurationPlatforms) = postSolution
		{BA56C9F9-F6DD-4FB7-91EB-1AF5C49F3D8F}.Debug|Any CPU.ActiveCfg = Debug|Any CPU
		{BA56C9F9-F6DD-4FB7-91EB-1AF5C49F3D8F}.Debug|Any CPU.Build.0 = Debug|Any CPU
		{BA56C9F9-F6DD-4FB7-91EB-1AF5C49F3D8F}.Release|Any CPU.ActiveCfg = Release|Any CPU
		{BA56C9F9-F6DD-4FB7-91EB-1AF5C49F3D8F}.Release|Any CPU.Build.0 = Release|Any CPU
	EndGlobalSection
	GlobalSection(SolutionProperties) = preSolution
		HideSolutionNode = FALSE
	EndGlobalSection
	GlobalSection(ExtensibilityGlobals) = postSolution
		SolutionGuid = {F421BE56-CE95-4980-AF7D-571AD562C784}
	EndGlobalSection
EndGlobal
