
Microsoft Visual Studio Solution File, Format Version 12.00
# Visual Studio Version 17
VisualStudioVersion = 17.10.34916.146
MinimumVisualStudioVersion = 10.0.40219.1
Project("{FAE04EC0-301F-11D3-BF4B-00C04F79EFBC}") = "2024.06.10.01", "2024.06.10.01\2024.06.10.01.csproj", "{D1420E47-FFDC-48AA-8B6D-9485561FAA02}"
EndProject
Global
	GlobalSection(SolutionConfigurationPlatforms) = preSolution
		Debug|Any CPU = Debug|Any CPU
		Release|Any CPU = Release|Any CPU
	EndGlobalSection
	GlobalSection(ProjectConfigurationPlatforms) = postSolution
		{D1420E47-FFDC-48AA-8B6D-9485561FAA02}.Debug|Any CPU.ActiveCfg = Debug|Any CPU
		{D1420E47-FFDC-48AA-8B6D-9485561FAA02}.Debug|Any CPU.Build.0 = Debug|Any CPU
		{D1420E47-FFDC-48AA-8B6D-9485561FAA02}.Release|Any CPU.ActiveCfg = Release|Any CPU
		{D1420E47-FFDC-48AA-8B6D-9485561FAA02}.Release|Any CPU.Build.0 = Release|Any CPU
	EndGlobalSection
	GlobalSection(SolutionProperties) = preSolution
		HideSolutionNode = FALSE
	EndGlobalSection
	GlobalSection(ExtensibilityGlobals) = postSolution
		SolutionGuid = {66584A97-33FC-4C45-99EE-E2B1C1F800A5}
	EndGlobalSection
EndGlobal
