
Microsoft Visual Studio Solution File, Format Version 12.00
# Visual Studio Version 17
VisualStudioVersion = 17.10.34916.146
MinimumVisualStudioVersion = 10.0.40219.1
Project("{FAE04EC0-301F-11D3-BF4B-00C04F79EFBC}") = "2024.06.12.02", "2024.06.12.02\2024.06.12.02.csproj", "{3262FE77-2E63-44D3-82D3-03EEDAF4046D}"
EndProject
Global
	GlobalSection(SolutionConfigurationPlatforms) = preSolution
		Debug|Any CPU = Debug|Any CPU
		Release|Any CPU = Release|Any CPU
	EndGlobalSection
	GlobalSection(ProjectConfigurationPlatforms) = postSolution
		{3262FE77-2E63-44D3-82D3-03EEDAF4046D}.Debug|Any CPU.ActiveCfg = Debug|Any CPU
		{3262FE77-2E63-44D3-82D3-03EEDAF4046D}.Debug|Any CPU.Build.0 = Debug|Any CPU
		{3262FE77-2E63-44D3-82D3-03EEDAF4046D}.Release|Any CPU.ActiveCfg = Release|Any CPU
		{3262FE77-2E63-44D3-82D3-03EEDAF4046D}.Release|Any CPU.Build.0 = Release|Any CPU
	EndGlobalSection
	GlobalSection(SolutionProperties) = preSolution
		HideSolutionNode = FALSE
	EndGlobalSection
	GlobalSection(ExtensibilityGlobals) = postSolution
		SolutionGuid = {DD7FA49F-725A-4163-83FD-3B0DD50931E0}
	EndGlobalSection
EndGlobal
