
Microsoft Visual Studio Solution File, Format Version 12.00
# Visual Studio Version 17
VisualStudioVersion = 17.10.34916.146
MinimumVisualStudioVersion = 10.0.40219.1
Project("{FAE04EC0-301F-11D3-BF4B-00C04F79EFBC}") = "ImplementInterface", "ImplementInterface\ImplementInterface.csproj", "{BE26A2A4-4CA4-47B5-B08C-11F5DF106FD7}"
EndProject
Global
	GlobalSection(SolutionConfigurationPlatforms) = preSolution
		Debug|Any CPU = Debug|Any CPU
		Release|Any CPU = Release|Any CPU
	EndGlobalSection
	GlobalSection(ProjectConfigurationPlatforms) = postSolution
		{BE26A2A4-4CA4-47B5-B08C-11F5DF106FD7}.Debug|Any CPU.ActiveCfg = Debug|Any CPU
		{BE26A2A4-4CA4-47B5-B08C-11F5DF106FD7}.Debug|Any CPU.Build.0 = Debug|Any CPU
		{BE26A2A4-4CA4-47B5-B08C-11F5DF106FD7}.Release|Any CPU.ActiveCfg = Release|Any CPU
		{BE26A2A4-4CA4-47B5-B08C-11F5DF106FD7}.Release|Any CPU.Build.0 = Release|Any CPU
	EndGlobalSection
	GlobalSection(SolutionProperties) = preSolution
		HideSolutionNode = FALSE
	EndGlobalSection
	GlobalSection(ExtensibilityGlobals) = postSolution
		SolutionGuid = {881FAFF0-36F4-4FAC-8377-DFA675CFF6C7}
	EndGlobalSection
EndGlobal
