
Microsoft Visual Studio Solution File, Format Version 12.00
# Visual Studio Version 17
VisualStudioVersion = 17.10.35013.160
MinimumVisualStudioVersion = 10.0.40219.1
Project("{FAE04EC0-301F-11D3-BF4B-00C04F79EFBC}") = "WindowsFormsApp6", "WindowsFormsApp6\WindowsFormsApp6.csproj", "{1DC228F6-4BC0-4DDB-93AB-4E510B97BF78}"
EndProject
Global
	GlobalSection(SolutionConfigurationPlatforms) = preSolution
		Debug|Any CPU = Debug|Any CPU
		Release|Any CPU = Release|Any CPU
	EndGlobalSection
	GlobalSection(ProjectConfigurationPlatforms) = postSolution
		{1DC228F6-4BC0-4DDB-93AB-4E510B97BF78}.Debug|Any CPU.ActiveCfg = Debug|Any CPU
		{1DC228F6-4BC0-4DDB-93AB-4E510B97BF78}.Debug|Any CPU.Build.0 = Debug|Any CPU
		{1DC228F6-4BC0-4DDB-93AB-4E510B97BF78}.Release|Any CPU.ActiveCfg = Release|Any CPU
		{1DC228F6-4BC0-4DDB-93AB-4E510B97BF78}.Release|Any CPU.Build.0 = Release|Any CPU
	EndGlobalSection
	GlobalSection(SolutionProperties) = preSolution
		HideSolutionNode = FALSE
	EndGlobalSection
	GlobalSection(ExtensibilityGlobals) = postSolution
		SolutionGuid = {FC27D6C4-3F13-424C-B125-81414E35B388}
	EndGlobalSection
EndGlobal
