
Microsoft Visual Studio Solution File, Format Version 12.00
# Visual Studio Version 17
VisualStudioVersion = 17.10.35004.147
MinimumVisualStudioVersion = 10.0.40219.1
Project("{FAE04EC0-301F-11D3-BF4B-00C04F79EFBC}") = "yutube03", "yutube03\yutube03.csproj", "{8FBB1132-D3A7-490D-AA18-3A672D3BEF31}"
EndProject
Global
	GlobalSection(SolutionConfigurationPlatforms) = preSolution
		Debug|Any CPU = Debug|Any CPU
		Release|Any CPU = Release|Any CPU
	EndGlobalSection
	GlobalSection(ProjectConfigurationPlatforms) = postSolution
		{8FBB1132-D3A7-490D-AA18-3A672D3BEF31}.Debug|Any CPU.ActiveCfg = Debug|Any CPU
		{8FBB1132-D3A7-490D-AA18-3A672D3BEF31}.Debug|Any CPU.Build.0 = Debug|Any CPU
		{8FBB1132-D3A7-490D-AA18-3A672D3BEF31}.Release|Any CPU.ActiveCfg = Release|Any CPU
		{8FBB1132-D3A7-490D-AA18-3A672D3BEF31}.Release|Any CPU.Build.0 = Release|Any CPU
	EndGlobalSection
	GlobalSection(SolutionProperties) = preSolution
		HideSolutionNode = FALSE
	EndGlobalSection
	GlobalSection(ExtensibilityGlobals) = postSolution
		SolutionGuid = {30128297-6506-4D62-95B4-E4310FBCBF17}
	EndGlobalSection
EndGlobal
