
Microsoft Visual Studio Solution File, Format Version 12.00
# Visual Studio Version 17
VisualStudioVersion = 17.10.34916.146
MinimumVisualStudioVersion = 10.0.40219.1
Project("{FAE04EC0-301F-11D3-BF4B-00C04F79EFBC}") = "2024.06.12.01", "2024.06.12.01\2024.06.12.01.csproj", "{669E1CF5-0266-4B73-8D97-9E4E74AB874B}"
EndProject
Global
	GlobalSection(SolutionConfigurationPlatforms) = preSolution
		Debug|Any CPU = Debug|Any CPU
		Release|Any CPU = Release|Any CPU
	EndGlobalSection
	GlobalSection(ProjectConfigurationPlatforms) = postSolution
		{669E1CF5-0266-4B73-8D97-9E4E74AB874B}.Debug|Any CPU.ActiveCfg = Debug|Any CPU
		{669E1CF5-0266-4B73-8D97-9E4E74AB874B}.Debug|Any CPU.Build.0 = Debug|Any CPU
		{669E1CF5-0266-4B73-8D97-9E4E74AB874B}.Release|Any CPU.ActiveCfg = Release|Any CPU
		{669E1CF5-0266-4B73-8D97-9E4E74AB874B}.Release|Any CPU.Build.0 = Release|Any CPU
	EndGlobalSection
	GlobalSection(SolutionProperties) = preSolution
		HideSolutionNode = FALSE
	EndGlobalSection
	GlobalSection(ExtensibilityGlobals) = postSolution
		SolutionGuid = {70364867-D49A-49D9-BF3D-A86CB22DEBB1}
	EndGlobalSection
EndGlobal
