
Microsoft Visual Studio Solution File, Format Version 12.00
# Visual Studio Version 17
VisualStudioVersion = 17.10.34916.146
MinimumVisualStudioVersion = 10.0.40219.1
Project("{FAE04EC0-301F-11D3-BF4B-00C04F79EFBC}") = "project02", "project02\project02.csproj", "{5581E79B-E2BF-43F7-A918-6E2C37F7EE4D}"
EndProject
Global
	GlobalSection(SolutionConfigurationPlatforms) = preSolution
		Debug|Any CPU = Debug|Any CPU
		Release|Any CPU = Release|Any CPU
	EndGlobalSection
	GlobalSection(ProjectConfigurationPlatforms) = postSolution
		{5581E79B-E2BF-43F7-A918-6E2C37F7EE4D}.Debug|Any CPU.ActiveCfg = Debug|Any CPU
		{5581E79B-E2BF-43F7-A918-6E2C37F7EE4D}.Debug|Any CPU.Build.0 = Debug|Any CPU
		{5581E79B-E2BF-43F7-A918-6E2C37F7EE4D}.Release|Any CPU.ActiveCfg = Release|Any CPU
		{5581E79B-E2BF-43F7-A918-6E2C37F7EE4D}.Release|Any CPU.Build.0 = Release|Any CPU
	EndGlobalSection
	GlobalSection(SolutionProperties) = preSolution
		HideSolutionNode = FALSE
	EndGlobalSection
	GlobalSection(ExtensibilityGlobals) = postSolution
		SolutionGuid = {7F65BE51-EA68-4A19-9821-652CFCC43835}
	EndGlobalSection
EndGlobal
