
Microsoft Visual Studio Solution File, Format Version 12.00
# Visual Studio Version 17
VisualStudioVersion = 17.10.35013.160
MinimumVisualStudioVersion = 10.0.40219.1
Project("{FAE04EC0-301F-11D3-BF4B-00C04F79EFBC}") = "WindowsFormsApp1", "WindowsFormsApp1\WindowsFormsApp1.csproj", "{BD07473B-1862-4F9C-BB6A-689DE48A18CE}"
EndProject
Global
	GlobalSection(SolutionConfigurationPlatforms) = preSolution
		Debug|Any CPU = Debug|Any CPU
		Release|Any CPU = Release|Any CPU
	EndGlobalSection
	GlobalSection(ProjectConfigurationPlatforms) = postSolution
		{BD07473B-1862-4F9C-BB6A-689DE48A18CE}.Debug|Any CPU.ActiveCfg = Debug|Any CPU
		{BD07473B-1862-4F9C-BB6A-689DE48A18CE}.Debug|Any CPU.Build.0 = Debug|Any CPU
		{BD07473B-1862-4F9C-BB6A-689DE48A18CE}.Release|Any CPU.ActiveCfg = Release|Any CPU
		{BD07473B-1862-4F9C-BB6A-689DE48A18CE}.Release|Any CPU.Build.0 = Release|Any CPU
	EndGlobalSection
	GlobalSection(SolutionProperties) = preSolution
		HideSolutionNode = FALSE
	EndGlobalSection
	GlobalSection(ExtensibilityGlobals) = postSolution
		SolutionGuid = {BB280D83-87AC-4DC3-82A9-C2E869E04D42}
	EndGlobalSection
EndGlobal
