
Microsoft Visual Studio Solution File, Format Version 12.00
# Visual Studio Version 17
VisualStudioVersion = 17.10.35004.147
MinimumVisualStudioVersion = 10.0.40219.1
Project("{FAE04EC0-301F-11D3-BF4B-00C04F79EFBC}") = "yutube01", "yutube01\yutube01.csproj", "{541DE0DD-9403-4791-8E33-2B2FF7B2D97B}"
EndProject
Global
	GlobalSection(SolutionConfigurationPlatforms) = preSolution
		Debug|Any CPU = Debug|Any CPU
		Release|Any CPU = Release|Any CPU
	EndGlobalSection
	GlobalSection(ProjectConfigurationPlatforms) = postSolution
		{541DE0DD-9403-4791-8E33-2B2FF7B2D97B}.Debug|Any CPU.ActiveCfg = Debug|Any CPU
		{541DE0DD-9403-4791-8E33-2B2FF7B2D97B}.Debug|Any CPU.Build.0 = Debug|Any CPU
		{541DE0DD-9403-4791-8E33-2B2FF7B2D97B}.Release|Any CPU.ActiveCfg = Release|Any CPU
		{541DE0DD-9403-4791-8E33-2B2FF7B2D97B}.Release|Any CPU.Build.0 = Release|Any CPU
	EndGlobalSection
	GlobalSection(SolutionProperties) = preSolution
		HideSolutionNode = FALSE
	EndGlobalSection
	GlobalSection(ExtensibilityGlobals) = postSolution
		SolutionGuid = {82E12FDC-2C4E-41C2-8D21-D0FB4DD5242C}
	EndGlobalSection
EndGlobal
