
Microsoft Visual Studio Solution File, Format Version 12.00
# Visual Studio Version 17
VisualStudioVersion = 17.10.35013.160
MinimumVisualStudioVersion = 10.0.40219.1
Project("{FAE04EC0-301F-11D3-BF4B-00C04F79EFBC}") = "WindowsFormsApp5", "WindowsFormsApp5\WindowsFormsApp5.csproj", "{56DED71A-AD63-4EE4-995B-0AE75A841E03}"
EndProject
Global
	GlobalSection(SolutionConfigurationPlatforms) = preSolution
		Debug|Any CPU = Debug|Any CPU
		Release|Any CPU = Release|Any CPU
	EndGlobalSection
	GlobalSection(ProjectConfigurationPlatforms) = postSolution
		{56DED71A-AD63-4EE4-995B-0AE75A841E03}.Debug|Any CPU.ActiveCfg = Debug|Any CPU
		{56DED71A-AD63-4EE4-995B-0AE75A841E03}.Debug|Any CPU.Build.0 = Debug|Any CPU
		{56DED71A-AD63-4EE4-995B-0AE75A841E03}.Release|Any CPU.ActiveCfg = Release|Any CPU
		{56DED71A-AD63-4EE4-995B-0AE75A841E03}.Release|Any CPU.Build.0 = Release|Any CPU
	EndGlobalSection
	GlobalSection(SolutionProperties) = preSolution
		HideSolutionNode = FALSE
	EndGlobalSection
	GlobalSection(ExtensibilityGlobals) = postSolution
		SolutionGuid = {08505B91-6F7A-4290-AE00-33DEB3DECB10}
	EndGlobalSection
EndGlobal
