
Microsoft Visual Studio Solution File, Format Version 12.00
# Visual Studio Version 17
VisualStudioVersion = 17.10.34916.146
MinimumVisualStudioVersion = 10.0.40219.1
Project("{FAE04EC0-301F-11D3-BF4B-00C04F79EFBC}") = "2024.06.12.08", "2024.06.12.08\2024.06.12.08.csproj", "{51900DD1-36CB-4DC3-8D06-AAD5A6477994}"
EndProject
Global
	GlobalSection(SolutionConfigurationPlatforms) = preSolution
		Debug|Any CPU = Debug|Any CPU
		Release|Any CPU = Release|Any CPU
	EndGlobalSection
	GlobalSection(ProjectConfigurationPlatforms) = postSolution
		{51900DD1-36CB-4DC3-8D06-AAD5A6477994}.Debug|Any CPU.ActiveCfg = Debug|Any CPU
		{51900DD1-36CB-4DC3-8D06-AAD5A6477994}.Debug|Any CPU.Build.0 = Debug|Any CPU
		{51900DD1-36CB-4DC3-8D06-AAD5A6477994}.Release|Any CPU.ActiveCfg = Release|Any CPU
		{51900DD1-36CB-4DC3-8D06-AAD5A6477994}.Release|Any CPU.Build.0 = Release|Any CPU
	EndGlobalSection
	GlobalSection(SolutionProperties) = preSolution
		HideSolutionNode = FALSE
	EndGlobalSection
	GlobalSection(ExtensibilityGlobals) = postSolution
		SolutionGuid = {B3E6C889-F24D-4F5F-9229-0DB8865C2E1C}
	EndGlobalSection
EndGlobal
