
Microsoft Visual Studio Solution File, Format Version 12.00
# Visual Studio Version 17
VisualStudioVersion = 17.10.34916.146
MinimumVisualStudioVersion = 10.0.40219.1
Project("{FAE04EC0-301F-11D3-BF4B-00C04F79EFBC}") = "SwitchApp", "SwitchApp\SwitchApp.csproj", "{6516B902-5A84-4CA8-9EE8-2155A59EFB31}"
EndProject
Global
	GlobalSection(SolutionConfigurationPlatforms) = preSolution
		Debug|Any CPU = Debug|Any CPU
		Release|Any CPU = Release|Any CPU
	EndGlobalSection
	GlobalSection(ProjectConfigurationPlatforms) = postSolution
		{6516B902-5A84-4CA8-9EE8-2155A59EFB31}.Debug|Any CPU.ActiveCfg = Debug|Any CPU
		{6516B902-5A84-4CA8-9EE8-2155A59EFB31}.Debug|Any CPU.Build.0 = Debug|Any CPU
		{6516B902-5A84-4CA8-9EE8-2155A59EFB31}.Release|Any CPU.ActiveCfg = Release|Any CPU
		{6516B902-5A84-4CA8-9EE8-2155A59EFB31}.Release|Any CPU.Build.0 = Release|Any CPU
	EndGlobalSection
	GlobalSection(SolutionProperties) = preSolution
		HideSolutionNode = FALSE
	EndGlobalSection
	GlobalSection(ExtensibilityGlobals) = postSolution
		SolutionGuid = {4C6C5B44-3C56-497F-B7E4-2B9F7821400B}
	EndGlobalSection
EndGlobal
